github.com/timtadh/data-structures v0.5.3 h1:F2tEjoG9qWIyUjbvXVgJqEOGJPMIiYn7U5W5mE+i/vQ=
github.com/timtadh/data-structures v0.5.3/go.mod h1:9R4XODhJ8JdWFEI8P/HJKqxuJctfBQw6fDibMQny2oU=
github.com/timtadh/lexmachine v0.2.2 h1:g55RnjdYazm5wnKv59pwFcBJHOyvTPfDEoz21s4PHmY=
github.com/timtadh/lexmachine v0.2.2/go.mod h1:GBJvD5OAfRn/gnp92zb9KTgHLB7akKyxmVivoYCcjQI=
golang.org/x/tools v0.1.10 h1:QjFRCZxdOhBJ/UNgnBZLbNV13DlbnK0quyivTnXJM20=
golang.org/x/tools v0.1.10/go.mod h1:Uh6Zz+xoGYZom868N8YTex3t7RhtHDBrE8Gzo9bV56E=
